
Microsoft Visual Studio Solution File, Format Version 12.00
# Visual Studio Version 16
VisualStudioVersion = 16.0.29926.136
MinimumVisualStudioVersion = 10.0.40219.1
Project("{FAE04EC0-301F-11D3-BF4B-00C04F79EFBC}") = "TpWebForms", "TpWebForms\TpWebForms.csproj", "{30298F32-5C1E-4203-9BEC-2E495CFDBC6D}"
EndProject
Global
	GlobalSection(SolutionConfigurationPlatforms) = preSolution
		Debug|Any CPU = Debug|Any CPU
		Release|Any CPU = Release|Any CPU
	EndGlobalSection
	GlobalSection(ProjectConfigurationPlatforms) = postSolution
		{30298F32-5C1E-4203-9BEC-2E495CFDBC6D}.Debug|Any CPU.ActiveCfg = Debug|Any CPU
		{30298F32-5C1E-4203-9BEC-2E495CFDBC6D}.Debug|Any CPU.Build.0 = Debug|Any CPU
		{30298F32-5C1E-4203-9BEC-2E495CFDBC6D}.Release|Any CPU.ActiveCfg = Release|Any CPU
		{30298F32-5C1E-4203-9BEC-2E495CFDBC6D}.Release|Any CPU.Build.0 = Release|Any CPU
	EndGlobalSection
	GlobalSection(SolutionProperties) = preSolution
		HideSolutionNode = FALSE
	EndGlobalSection
	GlobalSection(ExtensibilityGlobals) = postSolution
		SolutionGuid = {23A4BB58-D977-4590-B033-9A4609866E8E}
	EndGlobalSection
EndGlobal
